
Microsoft Visual Studio Solution File, Format Version 12.00
# Visual Studio Version 17
VisualStudioVersion = 17.9.34728.123
MinimumVisualStudioVersion = 10.0.40219.1
Project("{FAE04EC0-301F-11D3-BF4B-00C04F79EFBC}") = "CabInvoice", "CabInvoice\CabInvoice.csproj", "{932B2C4D-BF9E-43D8-8FA9-04B896ABD613}"
EndProject
Project("{FAE04EC0-301F-11D3-BF4B-00C04F79EFBC}") = "CabInvoiceTest", "CabInvoiceTest\CabInvoiceTest.csproj", "{5AA3617C-C204-4A3C-B03E-9245D77A5F19}"
EndProject
Global
	GlobalSection(SolutionConfigurationPlatforms) = preSolution
		Debug|Any CPU = Debug|Any CPU
		Release|Any CPU = Release|Any CPU
	EndGlobalSection
	GlobalSection(ProjectConfigurationPlatforms) = postSolution
		{932B2C4D-BF9E-43D8-8FA9-04B896ABD613}.Debug|Any CPU.ActiveCfg = Debug|Any CPU
		{932B2C4D-BF9E-43D8-8FA9-04B896ABD613}.Debug|Any CPU.Build.0 = Debug|Any CPU
		{932B2C4D-BF9E-43D8-8FA9-04B896ABD613}.Release|Any CPU.ActiveCfg = Release|Any CPU
		{932B2C4D-BF9E-43D8-8FA9-04B896ABD613}.Release|Any CPU.Build.0 = Release|Any CPU
		{5AA3617C-C204-4A3C-B03E-9245D77A5F19}.Debug|Any CPU.ActiveCfg = Debug|Any CPU
		{5AA3617C-C204-4A3C-B03E-9245D77A5F19}.Debug|Any CPU.Build.0 = Debug|Any CPU
		{5AA3617C-C204-4A3C-B03E-9245D77A5F19}.Release|Any CPU.ActiveCfg = Release|Any CPU
		{5AA3617C-C204-4A3C-B03E-9245D77A5F19}.Release|Any CPU.Build.0 = Release|Any CPU
	EndGlobalSection
	GlobalSection(SolutionProperties) = preSolution
		HideSolutionNode = FALSE
	EndGlobalSection
	GlobalSection(ExtensibilityGlobals) = postSolution
		SolutionGuid = {8E421922-10C9-4D34-87BD-AFC4A9375513}
	EndGlobalSection
EndGlobal
